// !$*UTF8*$!
{
	archiveVersion = 1;
	classes = {
	};
	objectVersion = 46;
	objects = {

/* Begin PBXBuildFile section */
		AE19F2D51B46DB6F00619D05 /* AppDelegate.m in Sources */ = {isa = PBXBuildFile; fileRef = AE19F2D41B46DB6F00619D05 /* AppDelegate.m */; };
		AE19F2D81B46DB6F00619D05 /* main.m in Sources */ = {isa = PBXBuildFile; fileRef = AE19F2D71B46DB6F00619D05 /* main.m */; };
		AE19F2DA1B46DB6F00619D05 /* Assets.xcassets in Resources */ = {isa = PBXBuildFile; fileRef = AE19F2D91B46DB6F00619D05 /* Assets.xcassets */; };
		AE19F2DD1B46DB6F00619D05 /* MainMenu.xib in Resources */ = {isa = PBXBuildFile; fileRef = AE19F2DB1B46DB6F00619D05 /* MainMenu.xib */; };
		AE2140A01BA211C300D7593B /* Sparkle.framework in Frameworks */ = {isa = PBXBuildFile; fileRef = AE21409F1BA211C300D7593B /* Sparkle.framework */; };
		AE2140A21BA211EB00D7593B /* Sparkle.framework in Copy Frameworks */ = {isa = PBXBuildFile; fileRef = AE21409F1BA211C300D7593B /* Sparkle.framework */; settings = {ATTRIBUTES = (CodeSignOnCopy, RemoveHeadersOnCopy, ); }; };
		AE8FAFF91C147B28002F9034 /* placeholder.jpg in Resources */ = {isa = PBXBuildFile; fileRef = AE8FAFF81C147B28002F9034 /* placeholder.jpg */; };
		AEB09AB31C13695B003FC185 /* XCDYouTubeKit.framework in Frameworks */ = {isa = PBXBuildFile; fileRef = AEB09AAF1C136937003FC185 /* XCDYouTubeKit.framework */; };
		AEB09AB41C1369E5003FC185 /* XCDYouTubeKit.framework in Copy Frameworks */ = {isa = PBXBuildFile; fileRef = AEB09AAF1C136937003FC185 /* XCDYouTubeKit.framework */; settings = {ATTRIBUTES = (CodeSignOnCopy, RemoveHeadersOnCopy, ); }; };
		AEB5B5DA1B486450005B254B /* AVKit.framework in Frameworks */ = {isa = PBXBuildFile; fileRef = AEB5B5D91B486450005B254B /* AVKit.framework */; };
		AEB5B5DC1B4865E1005B254B /* AVFoundation.framework in Frameworks */ = {isa = PBXBuildFile; fileRef = AEB5B5DB1B4865E1005B254B /* AVFoundation.framework */; };
		AEC5A1BB1BA2F9BF004EDFF5 /* MMMarkdown.framework in Frameworks */ = {isa = PBXBuildFile; fileRef = AEC5A1B91BA2F9B9004EDFF5 /* MMMarkdown.framework */; };
		AEC5A1BC1BA2F9BF004EDFF5 /* MMMarkdown.framework in Copy Frameworks */ = {isa = PBXBuildFile; fileRef = AEC5A1B91BA2F9B9004EDFF5 /* MMMarkdown.framework */; settings = {ATTRIBUTES = (CodeSignOnCopy, RemoveHeadersOnCopy, ); }; };
		AEDB49371B47467D00E78F0D /* ScriptingBridge.framework in Frameworks */ = {isa = PBXBuildFile; fileRef = AEDB49361B47467D00E78F0D /* ScriptingBridge.framework */; };
/* End PBXBuildFile section */

/* Begin PBXCopyFilesBuildPhase section */
		AE2140A11BA211E100D7593B /* Copy Frameworks */ = {
			isa = PBXCopyFilesBuildPhase;
			buildActionMask = 2147483647;
			dstPath = "";
			dstSubfolderSpec = 10;
			files = (
				AEB09AB41C1369E5003FC185 /* XCDYouTubeKit.framework in Copy Frameworks */,
				AE2140A21BA211EB00D7593B /* Sparkle.framework in Copy Frameworks */,
				AEC5A1BC1BA2F9BF004EDFF5 /* MMMarkdown.framework in Copy Frameworks */,
			);
			name = "Copy Frameworks";
			runOnlyForDeploymentPostprocessing = 0;
		};
/* End PBXCopyFilesBuildPhase section */

/* Begin PBXFileReference section */
		AE19F2D01B46DB6F00619D05 /* Music Video.app */ = {isa = PBXFileReference; explicitFileType = wrapper.application; includeInIndex = 0; path = "Music Video.app"; sourceTree = BUILT_PRODUCTS_DIR; };
		AE19F2D31B46DB6F00619D05 /* AppDelegate.h */ = {isa = PBXFileReference; lastKnownFileType = sourcecode.c.h; path = AppDelegate.h; sourceTree = "<group>"; };
		AE19F2D41B46DB6F00619D05 /* AppDelegate.m */ = {isa = PBXFileReference; lastKnownFileType = sourcecode.c.objc; path = AppDelegate.m; sourceTree = "<group>"; };
		AE19F2D71B46DB6F00619D05 /* main.m */ = {isa = PBXFileReference; lastKnownFileType = sourcecode.c.objc; path = main.m; sourceTree = "<group>"; };
		AE19F2D91B46DB6F00619D05 /* Assets.xcassets */ = {isa = PBXFileReference; lastKnownFileType = folder.assetcatalog; path = Assets.xcassets; sourceTree = "<group>"; };
		AE19F2DC1B46DB6F00619D05 /* Base */ = {isa = PBXFileReference; lastKnownFileType = file.xib; name = Base; path = Base.lproj/MainMenu.xib; sourceTree = "<group>"; };
		AE19F2DE1B46DB6F00619D05 /* Info.plist */ = {isa = PBXFileReference; lastKnownFileType = text.plist.xml; path = Info.plist; sourceTree = "<group>"; };
		AE21409F1BA211C300D7593B /* Sparkle.framework */ = {isa = PBXFileReference; lastKnownFileType = wrapper.framework; name = Sparkle.framework; path = "Spotify Video/Sparkle.framework"; sourceTree = "<group>"; };
		AE8FAFF81C147B28002F9034 /* placeholder.jpg */ = {isa = PBXFileReference; lastKnownFileType = image.jpeg; path = placeholder.jpg; sourceTree = "<group>"; };
		AE9071491B48402B00C13AD4 /* Spotify.h */ = {isa = PBXFileReference; fileEncoding = 4; lastKnownFileType = sourcecode.c.h; path = Spotify.h; sourceTree = "<group>"; };
		AEB09AAF1C136937003FC185 /* XCDYouTubeKit.framework */ = {isa = PBXFileReference; lastKnownFileType = wrapper.framework; name = XCDYouTubeKit.framework; path = Carthage/Build/Mac/XCDYouTubeKit.framework; sourceTree = "<group>"; };
		AEB5B5D91B486450005B254B /* AVKit.framework */ = {isa = PBXFileReference; lastKnownFileType = wrapper.framework; name = AVKit.framework; path = System/Library/Frameworks/AVKit.framework; sourceTree = SDKROOT; };
		AEB5B5DB1B4865E1005B254B /* AVFoundation.framework */ = {isa = PBXFileReference; lastKnownFileType = wrapper.framework; name = AVFoundation.framework; path = System/Library/Frameworks/AVFoundation.framework; sourceTree = SDKROOT; };
		AEC5A1B91BA2F9B9004EDFF5 /* MMMarkdown.framework */ = {isa = PBXFileReference; lastKnownFileType = wrapper.framework; name = MMMarkdown.framework; path = "Spotify Video/MMMarkdown.framework"; sourceTree = "<group>"; };
		AEC5A1BF1BA305FF004EDFF5 /* README.md */ = {isa = PBXFileReference; lastKnownFileType = net.daringfireball.markdown; path = README.md; sourceTree = "<group>"; };
		AEDB49361B47467D00E78F0D /* ScriptingBridge.framework */ = {isa = PBXFileReference; lastKnownFileType = wrapper.framework; name = ScriptingBridge.framework; path = System/Library/Frameworks/ScriptingBridge.framework; sourceTree = SDKROOT; };
		AEF626131C104AFC00A6E007 /* iTunes.h */ = {isa = PBXFileReference; fileEncoding = 4; lastKnownFileType = sourcecode.c.h; path = iTunes.h; sourceTree = "<group>"; };
/* End PBXFileReference section */

/* Begin PBXFrameworksBuildPhase section */
		AE19F2CD1B46DB6F00619D05 /* Frameworks */ = {
			isa = PBXFrameworksBuildPhase;
			buildActionMask = 2147483647;
			files = (
				AEB09AB31C13695B003FC185 /* XCDYouTubeKit.framework in Frameworks */,
				AEB5B5DC1B4865E1005B254B /* AVFoundation.framework in Frameworks */,
				AEB5B5DA1B486450005B254B /* AVKit.framework in Frameworks */,
				AEC5A1BB1BA2F9BF004EDFF5 /* MMMarkdown.framework in Frameworks */,
				AE2140A01BA211C300D7593B /* Sparkle.framework in Frameworks */,
				AEDB49371B47467D00E78F0D /* ScriptingBridge.framework in Frameworks */,
			);
			runOnlyForDeploymentPostprocessing = 0;
		};
/* End PBXFrameworksBuildPhase section */

/* Begin PBXGroup section */
		42BF14CBE28045D0C680B85A /* Frameworks */ = {
			isa = PBXGroup;
			children = (
				AEB09AAF1C136937003FC185 /* XCDYouTubeKit.framework */,
				AE21409F1BA211C300D7593B /* Sparkle.framework */,
				AEC5A1B91BA2F9B9004EDFF5 /* MMMarkdown.framework */,
				AEB5B5DB1B4865E1005B254B /* AVFoundation.framework */,
				AEDB49361B47467D00E78F0D /* ScriptingBridge.framework */,
				AEB5B5D91B486450005B254B /* AVKit.framework */,
			);
			name = Frameworks;
			sourceTree = "<group>";
		};
		AE19F2C71B46DB6F00619D05 = {
			isa = PBXGroup;
			children = (
				AEC5A1BF1BA305FF004EDFF5 /* README.md */,
				AE19F2D21B46DB6F00619D05 /* Spotify Video */,
				AE19F2D11B46DB6F00619D05 /* Products */,
				42BF14CBE28045D0C680B85A /* Frameworks */,
			);
			sourceTree = "<group>";
		};
		AE19F2D11B46DB6F00619D05 /* Products */ = {
			isa = PBXGroup;
			children = (
				AE19F2D01B46DB6F00619D05 /* Music Video.app */,
			);
			name = Products;
			sourceTree = "<group>";
		};
		AE19F2D21B46DB6F00619D05 /* Spotify Video */ = {
			isa = PBXGroup;
			children = (
				AE8FAFF81C147B28002F9034 /* placeholder.jpg */,
				AEF626131C104AFC00A6E007 /* iTunes.h */,
				AE9071491B48402B00C13AD4 /* Spotify.h */,
				AE19F2D31B46DB6F00619D05 /* AppDelegate.h */,
				AE19F2D41B46DB6F00619D05 /* AppDelegate.m */,
				AE19F2D91B46DB6F00619D05 /* Assets.xcassets */,
				AE19F2DB1B46DB6F00619D05 /* MainMenu.xib */,
				AE19F2DE1B46DB6F00619D05 /* Info.plist */,
				AE19F2D61B46DB6F00619D05 /* Supporting Files */,
			);
			path = "Spotify Video";
			sourceTree = "<group>";
		};
		AE19F2D61B46DB6F00619D05 /* Supporting Files */ = {
			isa = PBXGroup;
			children = (
				AE19F2D71B46DB6F00619D05 /* main.m */,
			);
			name = "Supporting Files";
			sourceTree = "<group>";
		};
/* End PBXGroup section */

/* Begin PBXNativeTarget section */
		AE19F2CF1B46DB6F00619D05 /* Music Video */ = {
			isa = PBXNativeTarget;
			buildConfigurationList = AE19F2EC1B46DB6F00619D05 /* Build configuration list for PBXNativeTarget "Music Video" */;
			buildPhases = (
				AE19F2CC1B46DB6F00619D05 /* Sources */,
				AE19F2CD1B46DB6F00619D05 /* Frameworks */,
				AE19F2CE1B46DB6F00619D05 /* Resources */,
				AE2140A11BA211E100D7593B /* Copy Frameworks */,
			);
			buildRules = (
			);
			dependencies = (
			);
			name = "Music Video";
			productName = "Spotify Video";
			productReference = AE19F2D01B46DB6F00619D05 /* Music Video.app */;
			productType = "com.apple.product-type.application";
		};
/* End PBXNativeTarget section */

/* Begin PBXProject section */
		AE19F2C81B46DB6F00619D05 /* Project object */ = {
			isa = PBXProject;
			attributes = {
				LastUpgradeCheck = 0700;
				ORGANIZATIONNAME = "Yannick Weiss";
				TargetAttributes = {
					AE19F2CF1B46DB6F00619D05 = {
						CreatedOnToolsVersion = 7.0;
						DevelopmentTeam = NDJHDNKXD6;
					};
				};
			};
			buildConfigurationList = AE19F2CB1B46DB6F00619D05 /* Build configuration list for PBXProject "Music Video" */;
			compatibilityVersion = "Xcode 3.2";
			developmentRegion = English;
			hasScannedForEncodings = 0;
			knownRegions = (
				en,
				Base,
			);
			mainGroup = AE19F2C71B46DB6F00619D05;
			productRefGroup = AE19F2D11B46DB6F00619D05 /* Products */;
			projectDirPath = "";
			projectRoot = "";
			targets = (
				AE19F2CF1B46DB6F00619D05 /* Music Video */,
			);
		};
/* End PBXProject section */

/* Begin PBXResourcesBuildPhase section */
		AE19F2CE1B46DB6F00619D05 /* Resources */ = {
			isa = PBXResourcesBuildPhase;
			buildActionMask = 2147483647;
			files = (
				AE19F2DA1B46DB6F00619D05 /* Assets.xcassets in Resources */,
				AE8FAFF91C147B28002F9034 /* placeholder.jpg in Resources */,
				AE19F2DD1B46DB6F00619D05 /* MainMenu.xib in Resources */,
			);
			runOnlyForDeploymentPostprocessing = 0;
		};
/* End PBXResourcesBuildPhase section */

/* Begin PBXSourcesBuildPhase section */
		AE19F2CC1B46DB6F00619D05 /* Sources */ = {
			isa = PBXSourcesBuildPhase;
			buildActionMask = 2147483647;
			files = (
				AE19F2D81B46DB6F00619D05 /* main.m in Sources */,
				AE19F2D51B46DB6F00619D05 /* AppDelegate.m in Sources */,
			);
			runOnlyForDeploymentPostprocessing = 0;
		};
/* End PBXSourcesBuildPhase section */

/* Begin PBXVariantGroup section */
		AE19F2DB1B46DB6F00619D05 /* MainMenu.xib */ = {
			isa = PBXVariantGroup;
			children = (
				AE19F2DC1B46DB6F00619D05 /* Base */,
			);
			name = MainMenu.xib;
			sourceTree = "<group>";
		};
/* End PBXVariantGroup section */

/* Begin XCBuildConfiguration section */
		AE19F2EA1B46DB6F00619D05 /* Debug */ = {
			isa = XCBuildConfiguration;
			buildSettings = {
				ALWAYS_SEARCH_USER_PATHS = NO;
				CLANG_CXX_LANGUAGE_STANDARD = "gnu++0x";
				CLANG_CXX_LIBRARY = "libc++";
				CLANG_ENABLE_MODULES = YES;
				CLANG_ENABLE_OBJC_ARC = YES;
				CLANG_WARN_BOOL_CONVERSION = YES;
				CLANG_WARN_CONSTANT_CONVERSION = YES;
				CLANG_WARN_DIRECT_OBJC_ISA_USAGE = YES_ERROR;
				CLANG_WARN_EMPTY_BODY = YES;
				CLANG_WARN_ENUM_CONVERSION = YES;
				CLANG_WARN_INT_CONVERSION = YES;
				CLANG_WARN_OBJC_ROOT_CLASS = YES_ERROR;
				CLANG_WARN_UNREACHABLE_CODE = YES;
				CLANG_WARN__DUPLICATE_METHOD_MATCH = YES;
				CODE_SIGN_IDENTITY = "-";
				COPY_PHASE_STRIP = NO;
				DEBUG_INFORMATION_FORMAT = dwarf;
				ENABLE_STRICT_OBJC_MSGSEND = YES;
				ENABLE_TESTABILITY = YES;
				GCC_C_LANGUAGE_STANDARD = gnu99;
				GCC_DYNAMIC_NO_PIC = NO;
				GCC_NO_COMMON_BLOCKS = YES;
				GCC_OPTIMIZATION_LEVEL = 0;
				GCC_PREPROCESSOR_DEFINITIONS = (
					"DEBUG=1",
					"$(inherited)",
				);
				GCC_WARN_64_TO_32_BIT_CONVERSION = YES;
				GCC_WARN_ABOUT_RETURN_TYPE = YES_ERROR;
				GCC_WARN_UNDECLARED_SELECTOR = YES;
				GCC_WARN_UNINITIALIZED_AUTOS = YES_AGGRESSIVE;
				GCC_WARN_UNUSED_FUNCTION = YES;
				GCC_WARN_UNUSED_VARIABLE = YES;
				MACOSX_DEPLOYMENT_TARGET = 10.10;
				MTL_ENABLE_DEBUG_INFO = YES;
				ONLY_ACTIVE_ARCH = YES;
				SDKROOT = macosx;
			};
			name = Debug;
		};
		AE19F2EB1B46DB6F00619D05 /* Release */ = {
			isa = XCBuildConfiguration;
			buildSettings = {
				ALWAYS_SEARCH_USER_PATHS = NO;
				CLANG_CXX_LANGUAGE_STANDARD = "gnu++0x";
				CLANG_CXX_LIBRARY = "libc++";
				CLANG_ENABLE_MODULES = YES;
				CLANG_ENABLE_OBJC_ARC = YES;
				CLANG_WARN_BOOL_CONVERSION = YES;
				CLANG_WARN_CONSTANT_CONVERSION = YES;
				CLANG_WARN_DIRECT_OBJC_ISA_USAGE = YES_ERROR;
				CLANG_WARN_EMPTY_BODY = YES;
				CLANG_WARN_ENUM_CONVERSION = YES;
				CLANG_WARN_INT_CONVERSION = YES;
				CLANG_WARN_OBJC_ROOT_CLASS = YES_ERROR;
				CLANG_WARN_UNREACHABLE_CODE = YES;
				CLANG_WARN__DUPLICATE_METHOD_MATCH = YES;
				CODE_SIGN_IDENTITY = "-";
				COPY_PHASE_STRIP = NO;
				DEBUG_INFORMATION_FORMAT = "dwarf-with-dsym";
				ENABLE_NS_ASSERTIONS = NO;
				ENABLE_STRICT_OBJC_MSGSEND = YES;
				GCC_C_LANGUAGE_STANDARD = gnu99;
				GCC_NO_COMMON_BLOCKS = YES;
				GCC_WARN_64_TO_32_BIT_CONVERSION = YES;
				GCC_WARN_ABOUT_RETURN_TYPE = YES_ERROR;
				GCC_WARN_UNDECLARED_SELECTOR = YES;
				GCC_WARN_UNINITIALIZED_AUTOS = YES_AGGRESSIVE;
				GCC_WARN_UNUSED_FUNCTION = YES;
				GCC_WARN_UNUSED_VARIABLE = YES;
				MACOSX_DEPLOYMENT_TARGET = 10.10;
				MTL_ENABLE_DEBUG_INFO = NO;
				SDKROOT = macosx;
			};
			name = Release;
		};
		AE19F2ED1B46DB6F00619D05 /* Debug */ = {
			isa = XCBuildConfiguration;
			buildSettings = {
				ASSETCATALOG_COMPILER_APPICON_NAME = AppIcon;
				CODE_SIGN_IDENTITY = "Developer ID Application";
				COMBINE_HIDPI_IMAGES = YES;
				FRAMEWORK_SEARCH_PATHS = (
					"$(inherited)",
					"\"$(PROJECT_DIR)/Spotify Video\"",
					"$(PROJECT_DIR)/Carthage/Build/Mac",
				);
				INFOPLIST_FILE = "Spotify Video/Info.plist";
				LD_RUNPATH_SEARCH_PATHS = "$(inherited) @executable_path/../Frameworks @executable_path/Frameworks";
				PRODUCT_BUNDLE_IDENTIFIER = "com.yannickweiss.Music-Video";
				PRODUCT_NAME = "$(TARGET_NAME)";
			};
			name = Debug;
		};
		AE19F2EE1B46DB6F00619D05 /* Release */ = {
			isa = XCBuildConfiguration;
			buildSettings = {
				ASSETCATALOG_COMPILER_APPICON_NAME = AppIcon;
				CODE_SIGN_IDENTITY = "Developer ID Application";
				COMBINE_HIDPI_IMAGES = YES;
				FRAMEWORK_SEARCH_PATHS = (
					"$(inherited)",
					"\"$(PROJECT_DIR)/Spotify Video\"",
					"$(PROJECT_DIR)/Carthage/Build/Mac",
				);
				INFOPLIST_FILE = "Spotify Video/Info.plist";
				LD_RUNPATH_SEARCH_PATHS = "$(inherited) @executable_path/../Frameworks @executable_path/Frameworks";
				PRODUCT_BUNDLE_IDENTIFIER = "com.yannickweiss.Music-Video";
				PRODUCT_NAME = "$(TARGET_NAME)";
			};
			name = Release;
		};
/* End XCBuildConfiguration section */

/* Begin XCConfigurationList section */
		AE19F2CB1B46DB6F00619D05 /* Build configuration list for PBXProject "Music Video" */ = {
			isa = XCConfigurationList;
			buildConfigurations = (
				AE19F2EA1B46DB6F00619D05 /* Debug */,
				AE19F2EB1B46DB6F00619D05 /* Release */,
			);
			defaultConfigurationIsVisible = 0;
			defaultConfigurationName = Release;
		};
		AE19F2EC1B46DB6F00619D05 /* Build configuration list for PBXNativeTarget "Music Video" */ = {
			isa = XCConfigurationList;
			buildConfigurations = (
				AE19F2ED1B46DB6F00619D05 /* Debug */,
				AE19F2EE1B46DB6F00619D05 /* Release */,
			);
			defaultConfigurationIsVisible = 0;
			defaultConfigurationName = Release;
		};
/* End XCConfigurationList section */
	};
	rootObject = AE19F2C81B46DB6F00619D05 /* Project object */;
}
