// !$*UTF8*$!
{
	archiveVersion = 1;
	classes = {
	};
	objectVersion = 46;
	objects = {

/* Begin PBXBuildFile section */
		AE19F2D51B46DB6F00619D05 /* AppDelegate.m in Sources */ = {isa = PBXBuildFile; fileRef = AE19F2D41B46DB6F00619D05 /* AppDelegate.m */; };
		AE19F2D81B46DB6F00619D05 /* main.m in Sources */ = {isa = PBXBuildFile; fileRef = AE19F2D71B46DB6F00619D05 /* main.m */; };
		AE19F2DA1B46DB6F00619D05 /* Assets.xcassets in Resources */ = {isa = PBXBuildFile; fileRef = AE19F2D91B46DB6F00619D05 /* Assets.xcassets */; };
		AE19F2DD1B46DB6F00619D05 /* MainMenu.xib in Resources */ = {isa = PBXBuildFile; fileRef = AE19F2DB1B46DB6F00619D05 /* MainMenu.xib */; };
		AEB5B5DA1B486450005B254B /* AVKit.framework in Frameworks */ = {isa = PBXBuildFile; fileRef = AEB5B5D91B486450005B254B /* AVKit.framework */; };
		AEB5B5DC1B4865E1005B254B /* AVFoundation.framework in Frameworks */ = {isa = PBXBuildFile; fileRef = AEB5B5DB1B4865E1005B254B /* AVFoundation.framework */; };
		AEDB49371B47467D00E78F0D /* ScriptingBridge.framework in Frameworks */ = {isa = PBXBuildFile; fileRef = AEDB49361B47467D00E78F0D /* ScriptingBridge.framework */; };
		D0645B48168E6FC12D0952A0 /* libPods-Spotify Video.a in Frameworks */ = {isa = PBXBuildFile; fileRef = D0062832AD7FE4F528AA2332 /* libPods-Spotify Video.a */; };
/* End PBXBuildFile section */

/* Begin PBXFileReference section */
		7365AD0ECEDE6BE3020FE39A /* Pods-Spotify Video.debug.xcconfig */ = {isa = PBXFileReference; includeInIndex = 1; lastKnownFileType = text.xcconfig; name = "Pods-Spotify Video.debug.xcconfig"; path = "Pods/Target Support Files/Pods-Spotify Video/Pods-Spotify Video.debug.xcconfig"; sourceTree = "<group>"; };
		AE19F2D01B46DB6F00619D05 /* Spotify Video.app */ = {isa = PBXFileReference; explicitFileType = wrapper.application; includeInIndex = 0; path = "Spotify Video.app"; sourceTree = BUILT_PRODUCTS_DIR; };
		AE19F2D31B46DB6F00619D05 /* AppDelegate.h */ = {isa = PBXFileReference; lastKnownFileType = sourcecode.c.h; path = AppDelegate.h; sourceTree = "<group>"; };
		AE19F2D41B46DB6F00619D05 /* AppDelegate.m */ = {isa = PBXFileReference; lastKnownFileType = sourcecode.c.objc; path = AppDelegate.m; sourceTree = "<group>"; };
		AE19F2D71B46DB6F00619D05 /* main.m */ = {isa = PBXFileReference; lastKnownFileType = sourcecode.c.objc; path = main.m; sourceTree = "<group>"; };
		AE19F2D91B46DB6F00619D05 /* Assets.xcassets */ = {isa = PBXFileReference; lastKnownFileType = folder.assetcatalog; path = Assets.xcassets; sourceTree = "<group>"; };
		AE19F2DC1B46DB6F00619D05 /* Base */ = {isa = PBXFileReference; lastKnownFileType = file.xib; name = Base; path = Base.lproj/MainMenu.xib; sourceTree = "<group>"; };
		AE19F2DE1B46DB6F00619D05 /* Info.plist */ = {isa = PBXFileReference; lastKnownFileType = text.plist.xml; path = Info.plist; sourceTree = "<group>"; };
		AE9071491B48402B00C13AD4 /* Spotify.h */ = {isa = PBXFileReference; fileEncoding = 4; lastKnownFileType = sourcecode.c.h; path = Spotify.h; sourceTree = "<group>"; };
		AEAF48831B4C28B70053D995 /* vlc play youtube.scpt */ = {isa = PBXFileReference; lastKnownFileType = file; path = "vlc play youtube.scpt"; sourceTree = "<group>"; };
		AEB5B5D91B486450005B254B /* AVKit.framework */ = {isa = PBXFileReference; lastKnownFileType = wrapper.framework; name = AVKit.framework; path = System/Library/Frameworks/AVKit.framework; sourceTree = SDKROOT; };
		AEB5B5DB1B4865E1005B254B /* AVFoundation.framework */ = {isa = PBXFileReference; lastKnownFileType = wrapper.framework; name = AVFoundation.framework; path = System/Library/Frameworks/AVFoundation.framework; sourceTree = SDKROOT; };
		AEDB49361B47467D00E78F0D /* ScriptingBridge.framework */ = {isa = PBXFileReference; lastKnownFileType = wrapper.framework; name = ScriptingBridge.framework; path = System/Library/Frameworks/ScriptingBridge.framework; sourceTree = SDKROOT; };
		D0062832AD7FE4F528AA2332 /* libPods-Spotify Video.a */ = {isa = PBXFileReference; explicitFileType = archive.ar; includeInIndex = 0; path = "libPods-Spotify Video.a"; sourceTree = BUILT_PRODUCTS_DIR; };
		DFEE94C8474E6EEDFBF833B6 /* Pods-Spotify Video.release.xcconfig */ = {isa = PBXFileReference; includeInIndex = 1; lastKnownFileType = text.xcconfig; name = "Pods-Spotify Video.release.xcconfig"; path = "Pods/Target Support Files/Pods-Spotify Video/Pods-Spotify Video.release.xcconfig"; sourceTree = "<group>"; };
/* End PBXFileReference section */

/* Begin PBXFrameworksBuildPhase section */
		AE19F2CD1B46DB6F00619D05 /* Frameworks */ = {
			isa = PBXFrameworksBuildPhase;
			buildActionMask = 2147483647;
			files = (
				AEB5B5DC1B4865E1005B254B /* AVFoundation.framework in Frameworks */,
				AEB5B5DA1B486450005B254B /* AVKit.framework in Frameworks */,
				AEDB49371B47467D00E78F0D /* ScriptingBridge.framework in Frameworks */,
				D0645B48168E6FC12D0952A0 /* libPods-Spotify Video.a in Frameworks */,
			);
			runOnlyForDeploymentPostprocessing = 0;
		};
/* End PBXFrameworksBuildPhase section */

/* Begin PBXGroup section */
		42BF14CBE28045D0C680B85A /* Frameworks */ = {
			isa = PBXGroup;
			children = (
				AEB5B5DB1B4865E1005B254B /* AVFoundation.framework */,
				AEDB49361B47467D00E78F0D /* ScriptingBridge.framework */,
				AEB5B5D91B486450005B254B /* AVKit.framework */,
				D0062832AD7FE4F528AA2332 /* libPods-Spotify Video.a */,
			);
			name = Frameworks;
			sourceTree = "<group>";
		};
		A89CE345A96EB496356654AA /* Pods */ = {
			isa = PBXGroup;
			children = (
				7365AD0ECEDE6BE3020FE39A /* Pods-Spotify Video.debug.xcconfig */,
				DFEE94C8474E6EEDFBF833B6 /* Pods-Spotify Video.release.xcconfig */,
			);
			name = Pods;
			sourceTree = "<group>";
		};
		AE19F2C71B46DB6F00619D05 = {
			isa = PBXGroup;
			children = (
				AE19F2D21B46DB6F00619D05 /* Spotify Video */,
				AE19F2D11B46DB6F00619D05 /* Products */,
				A89CE345A96EB496356654AA /* Pods */,
				42BF14CBE28045D0C680B85A /* Frameworks */,
			);
			sourceTree = "<group>";
		};
		AE19F2D11B46DB6F00619D05 /* Products */ = {
			isa = PBXGroup;
			children = (
				AE19F2D01B46DB6F00619D05 /* Spotify Video.app */,
			);
			name = Products;
			sourceTree = "<group>";
		};
		AE19F2D21B46DB6F00619D05 /* Spotify Video */ = {
			isa = PBXGroup;
			children = (
				AEAF48831B4C28B70053D995 /* vlc play youtube.scpt */,
				AE9071491B48402B00C13AD4 /* Spotify.h */,
				AE19F2D31B46DB6F00619D05 /* AppDelegate.h */,
				AE19F2D41B46DB6F00619D05 /* AppDelegate.m */,
				AE19F2D91B46DB6F00619D05 /* Assets.xcassets */,
				AE19F2DB1B46DB6F00619D05 /* MainMenu.xib */,
				AE19F2DE1B46DB6F00619D05 /* Info.plist */,
				AE19F2D61B46DB6F00619D05 /* Supporting Files */,
			);
			path = "Spotify Video";
			sourceTree = "<group>";
		};
		AE19F2D61B46DB6F00619D05 /* Supporting Files */ = {
			isa = PBXGroup;
			children = (
				AE19F2D71B46DB6F00619D05 /* main.m */,
			);
			name = "Supporting Files";
			sourceTree = "<group>";
		};
/* End PBXGroup section */

/* Begin PBXNativeTarget section */
		AE19F2CF1B46DB6F00619D05 /* Spotify Video */ = {
			isa = PBXNativeTarget;
			buildConfigurationList = AE19F2EC1B46DB6F00619D05 /* Build configuration list for PBXNativeTarget "Spotify Video" */;
			buildPhases = (
				8A2C52941B5844ABB2FEE350 /* Check Pods Manifest.lock */,
				AE19F2CC1B46DB6F00619D05 /* Sources */,
				AE19F2CD1B46DB6F00619D05 /* Frameworks */,
				AE19F2CE1B46DB6F00619D05 /* Resources */,
				E5D7E49365B4438E3A5E41FE /* Copy Pods Resources */,
			);
			buildRules = (
			);
			dependencies = (
			);
			name = "Spotify Video";
			productName = "Spotify Video";
			productReference = AE19F2D01B46DB6F00619D05 /* Spotify Video.app */;
			productType = "com.apple.product-type.application";
		};
/* End PBXNativeTarget section */

/* Begin PBXProject section */
		AE19F2C81B46DB6F00619D05 /* Project object */ = {
			isa = PBXProject;
			attributes = {
				LastUpgradeCheck = 0700;
				ORGANIZATIONNAME = "Yannick Weiss";
				TargetAttributes = {
					AE19F2CF1B46DB6F00619D05 = {
						CreatedOnToolsVersion = 7.0;
					};
				};
			};
			buildConfigurationList = AE19F2CB1B46DB6F00619D05 /* Build configuration list for PBXProject "Spotify Video" */;
			compatibilityVersion = "Xcode 3.2";
			developmentRegion = English;
			hasScannedForEncodings = 0;
			knownRegions = (
				en,
				Base,
			);
			mainGroup = AE19F2C71B46DB6F00619D05;
			productRefGroup = AE19F2D11B46DB6F00619D05 /* Products */;
			projectDirPath = "";
			projectRoot = "";
			targets = (
				AE19F2CF1B46DB6F00619D05 /* Spotify Video */,
			);
		};
/* End PBXProject section */

/* Begin PBXResourcesBuildPhase section */
		AE19F2CE1B46DB6F00619D05 /* Resources */ = {
			isa = PBXResourcesBuildPhase;
			buildActionMask = 2147483647;
			files = (
				AE19F2DA1B46DB6F00619D05 /* Assets.xcassets in Resources */,
				AE19F2DD1B46DB6F00619D05 /* MainMenu.xib in Resources */,
			);
			runOnlyForDeploymentPostprocessing = 0;
		};
/* End PBXResourcesBuildPhase section */

/* Begin PBXShellScriptBuildPhase section */
		8A2C52941B5844ABB2FEE350 /* Check Pods Manifest.lock */ = {
			isa = PBXShellScriptBuildPhase;
			buildActionMask = 2147483647;
			files = (
			);
			inputPaths = (
			);
			name = "Check Pods Manifest.lock";
			outputPaths = (
			);
			runOnlyForDeploymentPostprocessing = 0;
			shellPath = /bin/sh;
			shellScript = "diff \"${PODS_ROOT}/../Podfile.lock\" \"${PODS_ROOT}/Manifest.lock\" > /dev/null\nif [[ $? != 0 ]] ; then\n    cat << EOM\nerror: The sandbox is not in sync with the Podfile.lock. Run 'pod install' or update your CocoaPods installation.\nEOM\n    exit 1\nfi\n";
			showEnvVarsInLog = 0;
		};
		E5D7E49365B4438E3A5E41FE /* Copy Pods Resources */ = {
			isa = PBXShellScriptBuildPhase;
			buildActionMask = 2147483647;
			files = (
			);
			inputPaths = (
			);
			name = "Copy Pods Resources";
			outputPaths = (
			);
			runOnlyForDeploymentPostprocessing = 0;
			shellPath = /bin/sh;
			shellScript = "\"${SRCROOT}/Pods/Target Support Files/Pods-Spotify Video/Pods-Spotify Video-resources.sh\"\n";
			showEnvVarsInLog = 0;
		};
/* End PBXShellScriptBuildPhase section */

/* Begin PBXSourcesBuildPhase section */
		AE19F2CC1B46DB6F00619D05 /* Sources */ = {
			isa = PBXSourcesBuildPhase;
			buildActionMask = 2147483647;
			files = (
				AE19F2D81B46DB6F00619D05 /* main.m in Sources */,
				AE19F2D51B46DB6F00619D05 /* AppDelegate.m in Sources */,
			);
			runOnlyForDeploymentPostprocessing = 0;
		};
/* End PBXSourcesBuildPhase section */

/* Begin PBXVariantGroup section */
		AE19F2DB1B46DB6F00619D05 /* MainMenu.xib */ = {
			isa = PBXVariantGroup;
			children = (
				AE19F2DC1B46DB6F00619D05 /* Base */,
			);
			name = MainMenu.xib;
			sourceTree = "<group>";
		};
/* End PBXVariantGroup section */

/* Begin XCBuildConfiguration section */
		AE19F2EA1B46DB6F00619D05 /* Debug */ = {
			isa = XCBuildConfiguration;
			buildSettings = {
				ALWAYS_SEARCH_USER_PATHS = NO;
				CLANG_CXX_LANGUAGE_STANDARD = "gnu++0x";
				CLANG_CXX_LIBRARY = "libc++";
				CLANG_ENABLE_MODULES = YES;
				CLANG_ENABLE_OBJC_ARC = YES;
				CLANG_WARN_BOOL_CONVERSION = YES;
				CLANG_WARN_CONSTANT_CONVERSION = YES;
				CLANG_WARN_DIRECT_OBJC_ISA_USAGE = YES_ERROR;
				CLANG_WARN_EMPTY_BODY = YES;
				CLANG_WARN_ENUM_CONVERSION = YES;
				CLANG_WARN_INT_CONVERSION = YES;
				CLANG_WARN_OBJC_ROOT_CLASS = YES_ERROR;
				CLANG_WARN_UNREACHABLE_CODE = YES;
				CLANG_WARN__DUPLICATE_METHOD_MATCH = YES;
				CODE_SIGN_IDENTITY = "-";
				COPY_PHASE_STRIP = NO;
				DEBUG_INFORMATION_FORMAT = dwarf;
				ENABLE_STRICT_OBJC_MSGSEND = YES;
				ENABLE_TESTABILITY = YES;
				GCC_C_LANGUAGE_STANDARD = gnu99;
				GCC_DYNAMIC_NO_PIC = NO;
				GCC_NO_COMMON_BLOCKS = YES;
				GCC_OPTIMIZATION_LEVEL = 0;
				GCC_PREPROCESSOR_DEFINITIONS = (
					"DEBUG=1",
					"$(inherited)",
				);
				GCC_WARN_64_TO_32_BIT_CONVERSION = YES;
				GCC_WARN_ABOUT_RETURN_TYPE = YES_ERROR;
				GCC_WARN_UNDECLARED_SELECTOR = YES;
				GCC_WARN_UNINITIALIZED_AUTOS = YES_AGGRESSIVE;
				GCC_WARN_UNUSED_FUNCTION = YES;
				GCC_WARN_UNUSED_VARIABLE = YES;
				MACOSX_DEPLOYMENT_TARGET = 10.11;
				MTL_ENABLE_DEBUG_INFO = YES;
				ONLY_ACTIVE_ARCH = YES;
				SDKROOT = macosx;
			};
			name = Debug;
		};
		AE19F2EB1B46DB6F00619D05 /* Release */ = {
			isa = XCBuildConfiguration;
			buildSettings = {
				ALWAYS_SEARCH_USER_PATHS = NO;
				CLANG_CXX_LANGUAGE_STANDARD = "gnu++0x";
				CLANG_CXX_LIBRARY = "libc++";
				CLANG_ENABLE_MODULES = YES;
				CLANG_ENABLE_OBJC_ARC = YES;
				CLANG_WARN_BOOL_CONVERSION = YES;
				CLANG_WARN_CONSTANT_CONVERSION = YES;
				CLANG_WARN_DIRECT_OBJC_ISA_USAGE = YES_ERROR;
				CLANG_WARN_EMPTY_BODY = YES;
				CLANG_WARN_ENUM_CONVERSION = YES;
				CLANG_WARN_INT_CONVERSION = YES;
				CLANG_WARN_OBJC_ROOT_CLASS = YES_ERROR;
				CLANG_WARN_UNREACHABLE_CODE = YES;
				CLANG_WARN__DUPLICATE_METHOD_MATCH = YES;
				CODE_SIGN_IDENTITY = "-";
				COPY_PHASE_STRIP = NO;
				DEBUG_INFORMATION_FORMAT = "dwarf-with-dsym";
				ENABLE_NS_ASSERTIONS = NO;
				ENABLE_STRICT_OBJC_MSGSEND = YES;
				GCC_C_LANGUAGE_STANDARD = gnu99;
				GCC_NO_COMMON_BLOCKS = YES;
				GCC_WARN_64_TO_32_BIT_CONVERSION = YES;
				GCC_WARN_ABOUT_RETURN_TYPE = YES_ERROR;
				GCC_WARN_UNDECLARED_SELECTOR = YES;
				GCC_WARN_UNINITIALIZED_AUTOS = YES_AGGRESSIVE;
				GCC_WARN_UNUSED_FUNCTION = YES;
				GCC_WARN_UNUSED_VARIABLE = YES;
				MACOSX_DEPLOYMENT_TARGET = 10.11;
				MTL_ENABLE_DEBUG_INFO = NO;
				SDKROOT = macosx;
			};
			name = Release;
		};
		AE19F2ED1B46DB6F00619D05 /* Debug */ = {
			isa = XCBuildConfiguration;
			baseConfigurationReference = 7365AD0ECEDE6BE3020FE39A /* Pods-Spotify Video.debug.xcconfig */;
			buildSettings = {
				ASSETCATALOG_COMPILER_APPICON_NAME = AppIcon;
				COMBINE_HIDPI_IMAGES = YES;
				INFOPLIST_FILE = "Spotify Video/Info.plist";
				LD_RUNPATH_SEARCH_PATHS = "$(inherited) @executable_path/../Frameworks";
				MACOSX_DEPLOYMENT_TARGET = 10.11;
				PRODUCT_BUNDLE_IDENTIFIER = "com.yannickweiss.Spotify-Video";
				PRODUCT_NAME = "$(TARGET_NAME)";
			};
			name = Debug;
		};
		AE19F2EE1B46DB6F00619D05 /* Release */ = {
			isa = XCBuildConfiguration;
			baseConfigurationReference = DFEE94C8474E6EEDFBF833B6 /* Pods-Spotify Video.release.xcconfig */;
			buildSettings = {
				ASSETCATALOG_COMPILER_APPICON_NAME = AppIcon;
				COMBINE_HIDPI_IMAGES = YES;
				INFOPLIST_FILE = "Spotify Video/Info.plist";
				LD_RUNPATH_SEARCH_PATHS = "$(inherited) @executable_path/../Frameworks";
				MACOSX_DEPLOYMENT_TARGET = 10.11;
				PRODUCT_BUNDLE_IDENTIFIER = "com.yannickweiss.Spotify-Video";
				PRODUCT_NAME = "$(TARGET_NAME)";
			};
			name = Release;
		};
/* End XCBuildConfiguration section */

/* Begin XCConfigurationList section */
		AE19F2CB1B46DB6F00619D05 /* Build configuration list for PBXProject "Spotify Video" */ = {
			isa = XCConfigurationList;
			buildConfigurations = (
				AE19F2EA1B46DB6F00619D05 /* Debug */,
				AE19F2EB1B46DB6F00619D05 /* Release */,
			);
			defaultConfigurationIsVisible = 0;
			defaultConfigurationName = Release;
		};
		AE19F2EC1B46DB6F00619D05 /* Build configuration list for PBXNativeTarget "Spotify Video" */ = {
			isa = XCConfigurationList;
			buildConfigurations = (
				AE19F2ED1B46DB6F00619D05 /* Debug */,
				AE19F2EE1B46DB6F00619D05 /* Release */,
			);
			defaultConfigurationIsVisible = 0;
			defaultConfigurationName = Release;
		};
/* End XCConfigurationList section */
	};
	rootObject = AE19F2C81B46DB6F00619D05 /* Project object */;
}
